
Microsoft Visual Studio Solution File, Format Version 12.00
# Visual Studio 15
VisualStudioVersion = 15.0.28307.1169
MinimumVisualStudioVersion = 10.0.40219.1
Project("{9A19103F-16F7-4668-BE54-9A1E7A4F7556}") = "WebApps", "WebApps\WebApps.csproj", "{1BC9B9F7-8FF8-4B15-8BD8-F9BE67D85812}"
EndProject
Global
	GlobalSection(SolutionConfigurationPlatforms) = preSolution
		Debug|Any CPU = Debug|Any CPU
		Release|Any CPU = Release|Any CPU
	EndGlobalSection
	GlobalSection(ProjectConfigurationPlatforms) = postSolution
		{1BC9B9F7-8FF8-4B15-8BD8-F9BE67D85812}.Debug|Any CPU.ActiveCfg = Debug|Any CPU
		{1BC9B9F7-8FF8-4B15-8BD8-F9BE67D85812}.Debug|Any CPU.Build.0 = Debug|Any CPU
		{1BC9B9F7-8FF8-4B15-8BD8-F9BE67D85812}.Release|Any CPU.ActiveCfg = Release|Any CPU
		{1BC9B9F7-8FF8-4B15-8BD8-F9BE67D85812}.Release|Any CPU.Build.0 = Release|Any CPU
	EndGlobalSection
	GlobalSection(SolutionProperties) = preSolution
		HideSolutionNode = FALSE
	EndGlobalSection
	GlobalSection(ExtensibilityGlobals) = postSolution
		SolutionGuid = {FE58BC89-4D38-4CCA-B505-0DF6DB464F61}
	EndGlobalSection
EndGlobal
